STORAGE: NONE
RESTRICTION: || (== net6.0) (== netstandard2.0)
NUGET
  remote: https://api.nuget.org/v3/index.json
    Fake.Core.SemVer (5.23.1)
      FSharp.Core (>= 6.0)
    Fake.Core.String (5.23.1)
      FSharp.Core (>= 6.0)
    Fake.IO.FileSystem (5.23.1)
      Fake.Core.String (>= 5.23.1)
      FSharp.Core (>= 6.0)
    FSharp.Core (6.0)
